// !$*UTF8*$!
{
	archiveVersion = 1;
	classes = {
	};
	objectVersion = 56;
	objects = {

/* Begin PBXBuildFile section */
		1F1241AC29AB8A5E0015298B /* Day3Part1View.swift in Sources */ = {isa = PBXBuildFile; fileRef = 1F1241AB29AB8A5E0015298B /* Day3Part1View.swift */; };
		1F1241AE29AB8A650015298B /* Day3Part2View.swift in Sources */ = {isa = PBXBuildFile; fileRef = 1F1241AD29AB8A650015298B /* Day3Part2View.swift */; };
		1F1241B029AB8A730015298B /* Day3Solver.swift in Sources */ = {isa = PBXBuildFile; fileRef = 1F1241AF29AB8A730015298B /* Day3Solver.swift */; };
		1F15A76A2A20B688006C2F81 /* Day11Solver.swift in Sources */ = {isa = PBXBuildFile; fileRef = 1F15A7692A20B688006C2F81 /* Day11Solver.swift */; };
		1F15A76C2A20B6AC006C2F81 /* Day12Solver.swift in Sources */ = {isa = PBXBuildFile; fileRef = 1F15A76B2A20B6AC006C2F81 /* Day12Solver.swift */; };
		1F15A76E2A20B6C1006C2F81 /* Day13Solver.swift in Sources */ = {isa = PBXBuildFile; fileRef = 1F15A76D2A20B6C1006C2F81 /* Day13Solver.swift */; };
		1F15A7702A20B6D8006C2F81 /* Day14Solver.swift in Sources */ = {isa = PBXBuildFile; fileRef = 1F15A76F2A20B6D8006C2F81 /* Day14Solver.swift */; };
		1F15A7722A20B6EC006C2F81 /* Day15Solver.swift in Sources */ = {isa = PBXBuildFile; fileRef = 1F15A7712A20B6EC006C2F81 /* Day15Solver.swift */; };
		1F15A7742A20B70D006C2F81 /* Day11Part1View.swift in Sources */ = {isa = PBXBuildFile; fileRef = 1F15A7732A20B70D006C2F81 /* Day11Part1View.swift */; };
		1F15A7762A20B719006C2F81 /* Day11Part2View.swift in Sources */ = {isa = PBXBuildFile; fileRef = 1F15A7752A20B719006C2F81 /* Day11Part2View.swift */; };
		1F15A7782A20B73A006C2F81 /* Day12Part1View.swift in Sources */ = {isa = PBXBuildFile; fileRef = 1F15A7772A20B73A006C2F81 /* Day12Part1View.swift */; };
		1F15A77A2A20B746006C2F81 /* Day12Part2View.swift in Sources */ = {isa = PBXBuildFile; fileRef = 1F15A7792A20B746006C2F81 /* Day12Part2View.swift */; };
		1F15A77C2A20B757006C2F81 /* Day13Part1View.swift in Sources */ = {isa = PBXBuildFile; fileRef = 1F15A77B2A20B757006C2F81 /* Day13Part1View.swift */; };
		1F15A77E2A20B761006C2F81 /* Day13Part2View.swift in Sources */ = {isa = PBXBuildFile; fileRef = 1F15A77D2A20B761006C2F81 /* Day13Part2View.swift */; };
		1F15A7802A20B772006C2F81 /* Day14Part1View.swift in Sources */ = {isa = PBXBuildFile; fileRef = 1F15A77F2A20B772006C2F81 /* Day14Part1View.swift */; };
		1F15A7822A20B790006C2F81 /* Day14Part2View.swift in Sources */ = {isa = PBXBuildFile; fileRef = 1F15A7812A20B790006C2F81 /* Day14Part2View.swift */; };
		1F15A7842A20B7A4006C2F81 /* Day15Part1View.swift in Sources */ = {isa = PBXBuildFile; fileRef = 1F15A7832A20B7A4006C2F81 /* Day15Part1View.swift */; };
		1F15A7862A20B7AC006C2F81 /* Day15Part2View.swift in Sources */ = {isa = PBXBuildFile; fileRef = 1F15A7852A20B7AC006C2F81 /* Day15Part2View.swift */; };
		1F2687CB2948B3CF007AB73C /* advent_of_code_2022App.swift in Sources */ = {isa = PBXBuildFile; fileRef = 1F2687CA2948B3CF007AB73C /* advent_of_code_2022App.swift */; };
		1F2687CD2948B3CF007AB73C /* ContentView.swift in Sources */ = {isa = PBXBuildFile; fileRef = 1F2687CC2948B3CF007AB73C /* ContentView.swift */; };
		1F2687CF2948B3D1007AB73C /* Assets.xcassets in Resources */ = {isa = PBXBuildFile; fileRef = 1F2687CE2948B3D1007AB73C /* Assets.xcassets */; };
		1F2687D22948B3D1007AB73C /* Preview Assets.xcassets in Resources */ = {isa = PBXBuildFile; fileRef = 1F2687D12948B3D1007AB73C /* Preview Assets.xcassets */; };
		1F841F34294DC52D00F5A9D3 /* Day2Part1View.swift in Sources */ = {isa = PBXBuildFile; fileRef = 1F841F33294DC52D00F5A9D3 /* Day2Part1View.swift */; };
		1F841F36294DC53A00F5A9D3 /* Day2Part2View.swift in Sources */ = {isa = PBXBuildFile; fileRef = 1F841F35294DC53A00F5A9D3 /* Day2Part2View.swift */; };
		1F841F38294DC54400F5A9D3 /* Day2Solver.swift in Sources */ = {isa = PBXBuildFile; fileRef = 1F841F37294DC54400F5A9D3 /* Day2Solver.swift */; };
		1F9E5FBB2948D99900992F9B /* SidebarView.swift in Sources */ = {isa = PBXBuildFile; fileRef = 1F9E5FBA2948D99900992F9B /* SidebarView.swift */; };
		1F9E5FBD294A10BD00992F9B /* Day1Part1View.swift in Sources */ = {isa = PBXBuildFile; fileRef = 1F9E5FBC294A10BD00992F9B /* Day1Part1View.swift */; };
		1F9E5FBF294A1A2500992F9B /* Day1Solver.swift in Sources */ = {isa = PBXBuildFile; fileRef = 1F9E5FBE294A1A2500992F9B /* Day1Solver.swift */; };
		1F9E5FC1294A3CCB00992F9B /* Day1Part2View.swift in Sources */ = {isa = PBXBuildFile; fileRef = 1F9E5FC0294A3CCB00992F9B /* Day1Part2View.swift */; };
		1FA78F162A24EC86005FF89F /* Day16Solver.swift in Sources */ = {isa = PBXBuildFile; fileRef = 1FA78F152A24EC86005FF89F /* Day16Solver.swift */; };
		1FA78F182A24ECB8005FF89F /* Day17Solver.swift in Sources */ = {isa = PBXBuildFile; fileRef = 1FA78F172A24ECB8005FF89F /* Day17Solver.swift */; };
		1FA78F1A2A24ECCA005FF89F /* Day18Solver.swift in Sources */ = {isa = PBXBuildFile; fileRef = 1FA78F192A24ECCA005FF89F /* Day18Solver.swift */; };
		1FA78F1C2A24ECDB005FF89F /* Day19Solver.swift in Sources */ = {isa = PBXBuildFile; fileRef = 1FA78F1B2A24ECDB005FF89F /* Day19Solver.swift */; };
		1FA78F1E2A24ECEF005FF89F /* Day20Solver.swift in Sources */ = {isa = PBXBuildFile; fileRef = 1FA78F1D2A24ECEF005FF89F /* Day20Solver.swift */; };
		1FA78F202A24ED04005FF89F /* Day21Solver.swift in Sources */ = {isa = PBXBuildFile; fileRef = 1FA78F1F2A24ED04005FF89F /* Day21Solver.swift */; };
		1FA78F222A24ED13005FF89F /* Day22Solver.swift in Sources */ = {isa = PBXBuildFile; fileRef = 1FA78F212A24ED13005FF89F /* Day22Solver.swift */; };
		1FA78F242A24ED23005FF89F /* Day23Solver.swift in Sources */ = {isa = PBXBuildFile; fileRef = 1FA78F232A24ED23005FF89F /* Day23Solver.swift */; };
		1FD5399C2A1F614B00662F9B /* Day4Part1View.swift in Sources */ = {isa = PBXBuildFile; fileRef = 1FD5399B2A1F614B00662F9B /* Day4Part1View.swift */; };
		1FD5399E2A1F615500662F9B /* Day4Part2View.swift in Sources */ = {isa = PBXBuildFile; fileRef = 1FD5399D2A1F615500662F9B /* Day4Part2View.swift */; };
		1FD539A02A1F616B00662F9B /* Day4Solver.swift in Sources */ = {isa = PBXBuildFile; fileRef = 1FD5399F2A1F616B00662F9B /* Day4Solver.swift */; };
		1FD539A22A1F619200662F9B /* Day5Solver.swift in Sources */ = {isa = PBXBuildFile; fileRef = 1FD539A12A1F619200662F9B /* Day5Solver.swift */; };
		1FD539A42A1F61A200662F9B /* Day5Part1View.swift in Sources */ = {isa = PBXBuildFile; fileRef = 1FD539A32A1F61A200662F9B /* Day5Part1View.swift */; };
		1FD539A62A1F61AB00662F9B /* Day5Part2View.swift in Sources */ = {isa = PBXBuildFile; fileRef = 1FD539A52A1F61AB00662F9B /* Day5Part2View.swift */; };
		1FD539A82A1F61BF00662F9B /* Day6Part1View.swift in Sources */ = {isa = PBXBuildFile; fileRef = 1FD539A72A1F61BF00662F9B /* Day6Part1View.swift */; };
		1FD539AA2A1F61C700662F9B /* Day6Part2View.swift in Sources */ = {isa = PBXBuildFile; fileRef = 1FD539A92A1F61C700662F9B /* Day6Part2View.swift */; };
		1FD539AC2A1F61DA00662F9B /* Day7Part1View.swift in Sources */ = {isa = PBXBuildFile; fileRef = 1FD539AB2A1F61DA00662F9B /* Day7Part1View.swift */; };
		1FD539AE2A1F61E300662F9B /* Day7Part2View.swift in Sources */ = {isa = PBXBuildFile; fileRef = 1FD539AD2A1F61E300662F9B /* Day7Part2View.swift */; };
		1FD539B02A1F61EB00662F9B /* Day8Part1View.swift in Sources */ = {isa = PBXBuildFile; fileRef = 1FD539AF2A1F61EB00662F9B /* Day8Part1View.swift */; };
		1FD539B22A1F61F400662F9B /* Day8Part2View.swift in Sources */ = {isa = PBXBuildFile; fileRef = 1FD539B12A1F61F400662F9B /* Day8Part2View.swift */; };
		1FD539B42A1F61FF00662F9B /* Day9Part1View.swift in Sources */ = {isa = PBXBuildFile; fileRef = 1FD539B32A1F61FF00662F9B /* Day9Part1View.swift */; };
		1FD539B62A1F620700662F9B /* Day9Part2View.swift in Sources */ = {isa = PBXBuildFile; fileRef = 1FD539B52A1F620700662F9B /* Day9Part2View.swift */; };
		1FD539B82A1F621700662F9B /* Day10Part1View.swift in Sources */ = {isa = PBXBuildFile; fileRef = 1FD539B72A1F621700662F9B /* Day10Part1View.swift */; };
		1FD539BA2A1F621E00662F9B /* Day10Part2View.swift in Sources */ = {isa = PBXBuildFile; fileRef = 1FD539B92A1F621E00662F9B /* Day10Part2View.swift */; };
		1FD539BC2A1F622900662F9B /* Day10Solver.swift in Sources */ = {isa = PBXBuildFile; fileRef = 1FD539BB2A1F622900662F9B /* Day10Solver.swift */; };
		1FD539BE2A1F623100662F9B /* Day9Solver.swift in Sources */ = {isa = PBXBuildFile; fileRef = 1FD539BD2A1F623100662F9B /* Day9Solver.swift */; };
		1FD539C02A1F623F00662F9B /* Day8Solver.swift in Sources */ = {isa = PBXBuildFile; fileRef = 1FD539BF2A1F623F00662F9B /* Day8Solver.swift */; };
		1FD539C22A1F624900662F9B /* Day7Solver.swift in Sources */ = {isa = PBXBuildFile; fileRef = 1FD539C12A1F624900662F9B /* Day7Solver.swift */; };
		1FD539C42A1F625200662F9B /* Day6Solver.swift in Sources */ = {isa = PBXBuildFile; fileRef = 1FD539C32A1F625200662F9B /* Day6Solver.swift */; };
/* End PBXBuildFile section */

/* Begin PBXFileReference section */
		1F1241AB29AB8A5E0015298B /* Day3Part1View.swift */ = {isa = PBXFileReference; lastKnownFileType = sourcecode.swift; path = Day3Part1View.swift; sourceTree = "<group>"; };
		1F1241AD29AB8A650015298B /* Day3Part2View.swift */ = {isa = PBXFileReference; lastKnownFileType = sourcecode.swift; path = Day3Part2View.swift; sourceTree = "<group>"; };
		1F1241AF29AB8A730015298B /* Day3Solver.swift */ = {isa = PBXFileReference; lastKnownFileType = sourcecode.swift; path = Day3Solver.swift; sourceTree = "<group>"; };
		1F15A7692A20B688006C2F81 /* Day11Solver.swift */ = {isa = PBXFileReference; lastKnownFileType = sourcecode.swift; path = Day11Solver.swift; sourceTree = "<group>"; };
		1F15A76B2A20B6AC006C2F81 /* Day12Solver.swift */ = {isa = PBXFileReference; lastKnownFileType = sourcecode.swift; path = Day12Solver.swift; sourceTree = "<group>"; };
		1F15A76D2A20B6C1006C2F81 /* Day13Solver.swift */ = {isa = PBXFileReference; lastKnownFileType = sourcecode.swift; path = Day13Solver.swift; sourceTree = "<group>"; };
		1F15A76F2A20B6D8006C2F81 /* Day14Solver.swift */ = {isa = PBXFileReference; lastKnownFileType = sourcecode.swift; path = Day14Solver.swift; sourceTree = "<group>"; };
		1F15A7712A20B6EC006C2F81 /* Day15Solver.swift */ = {isa = PBXFileReference; lastKnownFileType = sourcecode.swift; path = Day15Solver.swift; sourceTree = "<group>"; };
		1F15A7732A20B70D006C2F81 /* Day11Part1View.swift */ = {isa = PBXFileReference; lastKnownFileType = sourcecode.swift; path = Day11Part1View.swift; sourceTree = "<group>"; };
		1F15A7752A20B719006C2F81 /* Day11Part2View.swift */ = {isa = PBXFileReference; lastKnownFileType = sourcecode.swift; path = Day11Part2View.swift; sourceTree = "<group>"; };
		1F15A7772A20B73A006C2F81 /* Day12Part1View.swift */ = {isa = PBXFileReference; lastKnownFileType = sourcecode.swift; path = Day12Part1View.swift; sourceTree = "<group>"; };
		1F15A7792A20B746006C2F81 /* Day12Part2View.swift */ = {isa = PBXFileReference; lastKnownFileType = sourcecode.swift; path = Day12Part2View.swift; sourceTree = "<group>"; };
		1F15A77B2A20B757006C2F81 /* Day13Part1View.swift */ = {isa = PBXFileReference; lastKnownFileType = sourcecode.swift; path = Day13Part1View.swift; sourceTree = "<group>"; };
		1F15A77D2A20B761006C2F81 /* Day13Part2View.swift */ = {isa = PBXFileReference; lastKnownFileType = sourcecode.swift; path = Day13Part2View.swift; sourceTree = "<group>"; };
		1F15A77F2A20B772006C2F81 /* Day14Part1View.swift */ = {isa = PBXFileReference; lastKnownFileType = sourcecode.swift; path = Day14Part1View.swift; sourceTree = "<group>"; };
		1F15A7812A20B790006C2F81 /* Day14Part2View.swift */ = {isa = PBXFileReference; lastKnownFileType = sourcecode.swift; path = Day14Part2View.swift; sourceTree = "<group>"; };
		1F15A7832A20B7A4006C2F81 /* Day15Part1View.swift */ = {isa = PBXFileReference; lastKnownFileType = sourcecode.swift; path = Day15Part1View.swift; sourceTree = "<group>"; };
		1F15A7852A20B7AC006C2F81 /* Day15Part2View.swift */ = {isa = PBXFileReference; lastKnownFileType = sourcecode.swift; path = Day15Part2View.swift; sourceTree = "<group>"; };
		1F2687C72948B3CF007AB73C /* advent-of-code-2022.app */ = {isa = PBXFileReference; explicitFileType = wrapper.application; includeInIndex = 0; path = "advent-of-code-2022.app"; sourceTree = BUILT_PRODUCTS_DIR; };
		1F2687CA2948B3CF007AB73C /* advent_of_code_2022App.swift */ = {isa = PBXFileReference; lastKnownFileType = sourcecode.swift; path = advent_of_code_2022App.swift; sourceTree = "<group>"; };
		1F2687CC2948B3CF007AB73C /* ContentView.swift */ = {isa = PBXFileReference; lastKnownFileType = sourcecode.swift; path = ContentView.swift; sourceTree = "<group>"; };
		1F2687CE2948B3D1007AB73C /* Assets.xcassets */ = {isa = PBXFileReference; lastKnownFileType = folder.assetcatalog; path = Assets.xcassets; sourceTree = "<group>"; };
		1F2687D12948B3D1007AB73C /* Preview Assets.xcassets */ = {isa = PBXFileReference; lastKnownFileType = folder.assetcatalog; path = "Preview Assets.xcassets"; sourceTree = "<group>"; };
		1F2687D32948B3D1007AB73C /* advent_of_code_2022.entitlements */ = {isa = PBXFileReference; lastKnownFileType = text.plist.entitlements; path = advent_of_code_2022.entitlements; sourceTree = "<group>"; };
		1F841F33294DC52D00F5A9D3 /* Day2Part1View.swift */ = {isa = PBXFileReference; lastKnownFileType = sourcecode.swift; path = Day2Part1View.swift; sourceTree = "<group>"; };
		1F841F35294DC53A00F5A9D3 /* Day2Part2View.swift */ = {isa = PBXFileReference; lastKnownFileType = sourcecode.swift; path = Day2Part2View.swift; sourceTree = "<group>"; };
		1F841F37294DC54400F5A9D3 /* Day2Solver.swift */ = {isa = PBXFileReference; lastKnownFileType = sourcecode.swift; path = Day2Solver.swift; sourceTree = "<group>"; };
		1F9E5FBA2948D99900992F9B /* SidebarView.swift */ = {isa = PBXFileReference; lastKnownFileType = sourcecode.swift; path = SidebarView.swift; sourceTree = "<group>"; };
		1F9E5FBC294A10BD00992F9B /* Day1Part1View.swift */ = {isa = PBXFileReference; lastKnownFileType = sourcecode.swift; path = Day1Part1View.swift; sourceTree = "<group>"; };
		1F9E5FBE294A1A2500992F9B /* Day1Solver.swift */ = {isa = PBXFileReference; lastKnownFileType = sourcecode.swift; path = Day1Solver.swift; sourceTree = "<group>"; };
		1F9E5FC0294A3CCB00992F9B /* Day1Part2View.swift */ = {isa = PBXFileReference; lastKnownFileType = sourcecode.swift; path = Day1Part2View.swift; sourceTree = "<group>"; };
		1FA78F152A24EC86005FF89F /* Day16Solver.swift */ = {isa = PBXFileReference; lastKnownFileType = sourcecode.swift; name = Day16Solver.swift; path = "advent-of-code-2022/Day16Solver.swift"; sourceTree = SOURCE_ROOT; };
		1FA78F172A24ECB8005FF89F /* Day17Solver.swift */ = {isa = PBXFileReference; lastKnownFileType = sourcecode.swift; name = Day17Solver.swift; path = "advent-of-code-2022/Day17Solver.swift"; sourceTree = SOURCE_ROOT; };
		1FA78F192A24ECCA005FF89F /* Day18Solver.swift */ = {isa = PBXFileReference; lastKnownFileType = sourcecode.swift; name = Day18Solver.swift; path = "advent-of-code-2022/Day18Solver.swift"; sourceTree = SOURCE_ROOT; };
		1FA78F1B2A24ECDB005FF89F /* Day19Solver.swift */ = {isa = PBXFileReference; lastKnownFileType = sourcecode.swift; name = Day19Solver.swift; path = "advent-of-code-2022/Day19Solver.swift"; sourceTree = SOURCE_ROOT; };
		1FA78F1D2A24ECEF005FF89F /* Day20Solver.swift */ = {isa = PBXFileReference; lastKnownFileType = sourcecode.swift; name = Day20Solver.swift; path = "advent-of-code-2022/Day20Solver.swift"; sourceTree = SOURCE_ROOT; };
		1FA78F1F2A24ED04005FF89F /* Day21Solver.swift */ = {isa = PBXFileReference; lastKnownFileType = sourcecode.swift; name = Day21Solver.swift; path = "advent-of-code-2022/Day21Solver.swift"; sourceTree = SOURCE_ROOT; };
		1FA78F212A24ED13005FF89F /* Day22Solver.swift */ = {isa = PBXFileReference; lastKnownFileType = sourcecode.swift; name = Day22Solver.swift; path = "advent-of-code-2022/Day22Solver.swift"; sourceTree = SOURCE_ROOT; };
		1FA78F232A24ED23005FF89F /* Day23Solver.swift */ = {isa = PBXFileReference; lastKnownFileType = sourcecode.swift; name = Day23Solver.swift; path = "advent-of-code-2022/Day23Solver.swift"; sourceTree = SOURCE_ROOT; };
		1FD5399B2A1F614B00662F9B /* Day4Part1View.swift */ = {isa = PBXFileReference; lastKnownFileType = sourcecode.swift; path = Day4Part1View.swift; sourceTree = "<group>"; };
		1FD5399D2A1F615500662F9B /* Day4Part2View.swift */ = {isa = PBXFileReference; lastKnownFileType = sourcecode.swift; path = Day4Part2View.swift; sourceTree = "<group>"; };
		1FD5399F2A1F616B00662F9B /* Day4Solver.swift */ = {isa = PBXFileReference; lastKnownFileType = sourcecode.swift; path = Day4Solver.swift; sourceTree = "<group>"; };
		1FD539A12A1F619200662F9B /* Day5Solver.swift */ = {isa = PBXFileReference; lastKnownFileType = sourcecode.swift; path = Day5Solver.swift; sourceTree = "<group>"; };
		1FD539A32A1F61A200662F9B /* Day5Part1View.swift */ = {isa = PBXFileReference; lastKnownFileType = sourcecode.swift; path = Day5Part1View.swift; sourceTree = "<group>"; };
		1FD539A52A1F61AB00662F9B /* Day5Part2View.swift */ = {isa = PBXFileReference; lastKnownFileType = sourcecode.swift; path = Day5Part2View.swift; sourceTree = "<group>"; };
		1FD539A72A1F61BF00662F9B /* Day6Part1View.swift */ = {isa = PBXFileReference; lastKnownFileType = sourcecode.swift; path = Day6Part1View.swift; sourceTree = "<group>"; };
		1FD539A92A1F61C700662F9B /* Day6Part2View.swift */ = {isa = PBXFileReference; lastKnownFileType = sourcecode.swift; path = Day6Part2View.swift; sourceTree = "<group>"; };
		1FD539AB2A1F61DA00662F9B /* Day7Part1View.swift */ = {isa = PBXFileReference; lastKnownFileType = sourcecode.swift; path = Day7Part1View.swift; sourceTree = "<group>"; };
		1FD539AD2A1F61E300662F9B /* Day7Part2View.swift */ = {isa = PBXFileReference; lastKnownFileType = sourcecode.swift; path = Day7Part2View.swift; sourceTree = "<group>"; };
		1FD539AF2A1F61EB00662F9B /* Day8Part1View.swift */ = {isa = PBXFileReference; lastKnownFileType = sourcecode.swift; path = Day8Part1View.swift; sourceTree = "<group>"; };
		1FD539B12A1F61F400662F9B /* Day8Part2View.swift */ = {isa = PBXFileReference; lastKnownFileType = sourcecode.swift; path = Day8Part2View.swift; sourceTree = "<group>"; };
		1FD539B32A1F61FF00662F9B /* Day9Part1View.swift */ = {isa = PBXFileReference; lastKnownFileType = sourcecode.swift; path = Day9Part1View.swift; sourceTree = "<group>"; };
		1FD539B52A1F620700662F9B /* Day9Part2View.swift */ = {isa = PBXFileReference; lastKnownFileType = sourcecode.swift; path = Day9Part2View.swift; sourceTree = "<group>"; };
		1FD539B72A1F621700662F9B /* Day10Part1View.swift */ = {isa = PBXFileReference; lastKnownFileType = sourcecode.swift; path = Day10Part1View.swift; sourceTree = "<group>"; };
		1FD539B92A1F621E00662F9B /* Day10Part2View.swift */ = {isa = PBXFileReference; lastKnownFileType = sourcecode.swift; path = Day10Part2View.swift; sourceTree = "<group>"; };
		1FD539BB2A1F622900662F9B /* Day10Solver.swift */ = {isa = PBXFileReference; lastKnownFileType = sourcecode.swift; path = Day10Solver.swift; sourceTree = "<group>"; };
		1FD539BD2A1F623100662F9B /* Day9Solver.swift */ = {isa = PBXFileReference; lastKnownFileType = sourcecode.swift; path = Day9Solver.swift; sourceTree = "<group>"; };
		1FD539BF2A1F623F00662F9B /* Day8Solver.swift */ = {isa = PBXFileReference; lastKnownFileType = sourcecode.swift; path = Day8Solver.swift; sourceTree = "<group>"; };
		1FD539C12A1F624900662F9B /* Day7Solver.swift */ = {isa = PBXFileReference; lastKnownFileType = sourcecode.swift; path = Day7Solver.swift; sourceTree = "<group>"; };
		1FD539C32A1F625200662F9B /* Day6Solver.swift */ = {isa = PBXFileReference; lastKnownFileType = sourcecode.swift; path = Day6Solver.swift; sourceTree = "<group>"; };
/* End PBXFileReference section */

/* Begin PBXFrameworksBuildPhase section */
		1F2687C42948B3CF007AB73C /* Frameworks */ = {
			isa = PBXFrameworksBuildPhase;
			buildActionMask = 2147483647;
			files = (
			);
			runOnlyForDeploymentPostprocessing = 0;
		};
/* End PBXFrameworksBuildPhase section */

/* Begin PBXGroup section */
		1F2687BE2948B3CF007AB73C = {
			isa = PBXGroup;
			children = (
				1F2687C92948B3CF007AB73C /* advent-of-code-2022 */,
				1F2687C82948B3CF007AB73C /* Products */,
			);
			sourceTree = "<group>";
		};
		1F2687C82948B3CF007AB73C /* Products */ = {
			isa = PBXGroup;
			children = (
				1F2687C72948B3CF007AB73C /* advent-of-code-2022.app */,
			);
			name = Products;
			sourceTree = "<group>";
		};
		1F2687C92948B3CF007AB73C /* advent-of-code-2022 */ = {
			isa = PBXGroup;
			children = (
				1F2687CA2948B3CF007AB73C /* advent_of_code_2022App.swift */,
				1F2687CC2948B3CF007AB73C /* ContentView.swift */,
				1F9E5FBA2948D99900992F9B /* SidebarView.swift */,
				1FD539822A1F5E8700662F9B /* Day1 */,
				1FD539832A1F5EE900662F9B /* Day2 */,
				1FD539842A1F5EF000662F9B /* Day3 */,
				1FD539852A1F5FD500662F9B /* Day4 */,
				1FD539862A1F5FDF00662F9B /* Day5 */,
				1FD539872A1F5FE500662F9B /* Day6 */,
				1FD539882A1F5FEA00662F9B /* Day7 */,
				1FD539892A1F5FEE00662F9B /* Day8 */,
				1FD5398A2A1F5FF200662F9B /* Day9 */,
				1FD5398B2A1F5FF900662F9B /* Day10 */,
				1FD5398C2A1F600000662F9B /* Day11 */,
				1FD5398D2A1F600500662F9B /* Day12 */,
				1FD5398E2A1F600A00662F9B /* Day13 */,
				1FD5398F2A1F600F00662F9B /* Day14 */,
				1FD539902A1F601300662F9B /* Day15 */,
				1FD539912A1F601800662F9B /* Day16 */,
				1FD539922A1F601D00662F9B /* Day17 */,
				1FD539932A1F602200662F9B /* Day18 */,
				1FD539942A1F602600662F9B /* Day19 */,
				1FD539952A1F602C00662F9B /* Day20 */,
				1FD539962A1F603100662F9B /* Day21 */,
				1FD539972A1F603500662F9B /* Day22 */,
				1FD539982A1F603900662F9B /* Day23 */,
				1FD539992A1F603E00662F9B /* Day24 */,
				1FD5399A2A1F604300662F9B /* Day25 */,
				1F2687CE2948B3D1007AB73C /* Assets.xcassets */,
				1F2687D32948B3D1007AB73C /* advent_of_code_2022.entitlements */,
				1F2687D02948B3D1007AB73C /* Preview Content */,
			);
			path = "advent-of-code-2022";
			sourceTree = "<group>";
		};
		1F2687D02948B3D1007AB73C /* Preview Content */ = {
			isa = PBXGroup;
			children = (
				1F2687D12948B3D1007AB73C /* Preview Assets.xcassets */,
			);
			path = "Preview Content";
			sourceTree = "<group>";
		};
		1FD539822A1F5E8700662F9B /* Day1 */ = {
			isa = PBXGroup;
			children = (
				1F9E5FBC294A10BD00992F9B /* Day1Part1View.swift */,
				1F9E5FC0294A3CCB00992F9B /* Day1Part2View.swift */,
				1F9E5FBE294A1A2500992F9B /* Day1Solver.swift */,
			);
			path = Day1;
			sourceTree = "<group>";
		};
		1FD539832A1F5EE900662F9B /* Day2 */ = {
			isa = PBXGroup;
			children = (
				1F841F33294DC52D00F5A9D3 /* Day2Part1View.swift */,
				1F841F35294DC53A00F5A9D3 /* Day2Part2View.swift */,
				1F841F37294DC54400F5A9D3 /* Day2Solver.swift */,
			);
			path = Day2;
			sourceTree = "<group>";
		};
		1FD539842A1F5EF000662F9B /* Day3 */ = {
			isa = PBXGroup;
			children = (
				1F1241AB29AB8A5E0015298B /* Day3Part1View.swift */,
				1F1241AD29AB8A650015298B /* Day3Part2View.swift */,
				1F1241AF29AB8A730015298B /* Day3Solver.swift */,
			);
			path = Day3;
			sourceTree = "<group>";
		};
		1FD539852A1F5FD500662F9B /* Day4 */ = {
			isa = PBXGroup;
			children = (
				1FD5399B2A1F614B00662F9B /* Day4Part1View.swift */,
				1FD5399D2A1F615500662F9B /* Day4Part2View.swift */,
				1FD5399F2A1F616B00662F9B /* Day4Solver.swift */,
			);
			path = Day4;
			sourceTree = "<group>";
		};
		1FD539862A1F5FDF00662F9B /* Day5 */ = {
			isa = PBXGroup;
			children = (
				1FD539A32A1F61A200662F9B /* Day5Part1View.swift */,
				1FD539A52A1F61AB00662F9B /* Day5Part2View.swift */,
				1FD539A12A1F619200662F9B /* Day5Solver.swift */,
			);
			path = Day5;
			sourceTree = "<group>";
		};
		1FD539872A1F5FE500662F9B /* Day6 */ = {
			isa = PBXGroup;
			children = (
				1FD539A72A1F61BF00662F9B /* Day6Part1View.swift */,
				1FD539A92A1F61C700662F9B /* Day6Part2View.swift */,
				1FD539C32A1F625200662F9B /* Day6Solver.swift */,
			);
			path = Day6;
			sourceTree = "<group>";
		};
		1FD539882A1F5FEA00662F9B /* Day7 */ = {
			isa = PBXGroup;
			children = (
				1FD539AB2A1F61DA00662F9B /* Day7Part1View.swift */,
				1FD539AD2A1F61E300662F9B /* Day7Part2View.swift */,
				1FD539C12A1F624900662F9B /* Day7Solver.swift */,
			);
			path = Day7;
			sourceTree = "<group>";
		};
		1FD539892A1F5FEE00662F9B /* Day8 */ = {
			isa = PBXGroup;
			children = (
				1FD539AF2A1F61EB00662F9B /* Day8Part1View.swift */,
				1FD539B12A1F61F400662F9B /* Day8Part2View.swift */,
				1FD539BF2A1F623F00662F9B /* Day8Solver.swift */,
			);
			path = Day8;
			sourceTree = "<group>";
		};
		1FD5398A2A1F5FF200662F9B /* Day9 */ = {
			isa = PBXGroup;
			children = (
				1FD539B32A1F61FF00662F9B /* Day9Part1View.swift */,
				1FD539B52A1F620700662F9B /* Day9Part2View.swift */,
				1FD539BD2A1F623100662F9B /* Day9Solver.swift */,
			);
			path = Day9;
			sourceTree = "<group>";
		};
		1FD5398B2A1F5FF900662F9B /* Day10 */ = {
			isa = PBXGroup;
			children = (
				1FD539B72A1F621700662F9B /* Day10Part1View.swift */,
				1FD539B92A1F621E00662F9B /* Day10Part2View.swift */,
				1FD539BB2A1F622900662F9B /* Day10Solver.swift */,
			);
			path = Day10;
			sourceTree = "<group>";
		};
		1FD5398C2A1F600000662F9B /* Day11 */ = {
			isa = PBXGroup;
			children = (
				1F15A7732A20B70D006C2F81 /* Day11Part1View.swift */,
				1F15A7752A20B719006C2F81 /* Day11Part2View.swift */,
				1F15A7692A20B688006C2F81 /* Day11Solver.swift */,
			);
			path = Day11;
			sourceTree = "<group>";
		};
		1FD5398D2A1F600500662F9B /* Day12 */ = {
			isa = PBXGroup;
			children = (
				1F15A7772A20B73A006C2F81 /* Day12Part1View.swift */,
				1F15A7792A20B746006C2F81 /* Day12Part2View.swift */,
				1F15A76B2A20B6AC006C2F81 /* Day12Solver.swift */,
			);
			path = Day12;
			sourceTree = "<group>";
		};
		1FD5398E2A1F600A00662F9B /* Day13 */ = {
			isa = PBXGroup;
			children = (
				1F15A77B2A20B757006C2F81 /* Day13Part1View.swift */,
				1F15A77D2A20B761006C2F81 /* Day13Part2View.swift */,
				1F15A76D2A20B6C1006C2F81 /* Day13Solver.swift */,
			);
			path = Day13;
			sourceTree = "<group>";
		};
		1FD5398F2A1F600F00662F9B /* Day14 */ = {
			isa = PBXGroup;
			children = (
				1F15A77F2A20B772006C2F81 /* Day14Part1View.swift */,
				1F15A7812A20B790006C2F81 /* Day14Part2View.swift */,
				1F15A76F2A20B6D8006C2F81 /* Day14Solver.swift */,
			);
			path = Day14;
			sourceTree = "<group>";
		};
		1FD539902A1F601300662F9B /* Day15 */ = {
			isa = PBXGroup;
			children = (
				1F15A7832A20B7A4006C2F81 /* Day15Part1View.swift */,
				1F15A7852A20B7AC006C2F81 /* Day15Part2View.swift */,
				1F15A7712A20B6EC006C2F81 /* Day15Solver.swift */,
			);
			path = Day15;
			sourceTree = "<group>";
		};
		1FD539912A1F601800662F9B /* Day16 */ = {
			isa = PBXGroup;
			children = (
				1FA78F152A24EC86005FF89F /* Day16Solver.swift */,
			);
			path = Day16;
			sourceTree = "<group>";
		};
		1FD539922A1F601D00662F9B /* Day17 */ = {
			isa = PBXGroup;
			children = (
				1FA78F172A24ECB8005FF89F /* Day17Solver.swift */,
			);
			path = Day17;
			sourceTree = "<group>";
		};
		1FD539932A1F602200662F9B /* Day18 */ = {
			isa = PBXGroup;
			children = (
				1FA78F192A24ECCA005FF89F /* Day18Solver.swift */,
			);
			path = Day18;
			sourceTree = "<group>";
		};
		1FD539942A1F602600662F9B /* Day19 */ = {
			isa = PBXGroup;
			children = (
				1FA78F1B2A24ECDB005FF89F /* Day19Solver.swift */,
			);
			path = Day19;
			sourceTree = "<group>";
		};
		1FD539952A1F602C00662F9B /* Day20 */ = {
			isa = PBXGroup;
			children = (
				1FA78F1D2A24ECEF005FF89F /* Day20Solver.swift */,
			);
			path = Day20;
			sourceTree = "<group>";
		};
		1FD539962A1F603100662F9B /* Day21 */ = {
			isa = PBXGroup;
			children = (
				1FA78F1F2A24ED04005FF89F /* Day21Solver.swift */,
			);
			path = Day21;
			sourceTree = "<group>";
		};
		1FD539972A1F603500662F9B /* Day22 */ = {
			isa = PBXGroup;
			children = (
				1FA78F212A24ED13005FF89F /* Day22Solver.swift */,
			);
			path = Day22;
			sourceTree = "<group>";
		};
		1FD539982A1F603900662F9B /* Day23 */ = {
			isa = PBXGroup;
			children = (
				1FA78F232A24ED23005FF89F /* Day23Solver.swift */,
			);
			path = Day23;
			sourceTree = "<group>";
		};
		1FD539992A1F603E00662F9B /* Day24 */ = {
			isa = PBXGroup;
			children = (
			);
			path = Day24;
			sourceTree = "<group>";
		};
		1FD5399A2A1F604300662F9B /* Day25 */ = {
			isa = PBXGroup;
			children = (
			);
			path = Day25;
			sourceTree = "<group>";
		};
/* End PBXGroup section */

/* Begin PBXNativeTarget section */
		1F2687C62948B3CF007AB73C /* advent-of-code-2022 */ = {
			isa = PBXNativeTarget;
			buildConfigurationList = 1F2687D62948B3D1007AB73C /* Build configuration list for PBXNativeTarget "advent-of-code-2022" */;
			buildPhases = (
				1F2687C32948B3CF007AB73C /* Sources */,
				1F2687C42948B3CF007AB73C /* Frameworks */,
				1F2687C52948B3CF007AB73C /* Resources */,
			);
			buildRules = (
			);
			dependencies = (
			);
			name = "advent-of-code-2022";
			productName = "advent-of-code-2022";
			productReference = 1F2687C72948B3CF007AB73C /* advent-of-code-2022.app */;
			productType = "com.apple.product-type.application";
		};
/* End PBXNativeTarget section */

/* Begin PBXProject section */
		1F2687BF2948B3CF007AB73C /* Project object */ = {
			isa = PBXProject;
			attributes = {
				BuildIndependentTargetsInParallel = 1;
				LastSwiftUpdateCheck = 1410;
				LastUpgradeCheck = 1420;
				TargetAttributes = {
					1F2687C62948B3CF007AB73C = {
						CreatedOnToolsVersion = 14.1;
					};
				};
			};
			buildConfigurationList = 1F2687C22948B3CF007AB73C /* Build configuration list for PBXProject "advent-of-code-2022" */;
			compatibilityVersion = "Xcode 14.0";
			developmentRegion = en;
			hasScannedForEncodings = 0;
			knownRegions = (
				en,
				Base,
			);
			mainGroup = 1F2687BE2948B3CF007AB73C;
			productRefGroup = 1F2687C82948B3CF007AB73C /* Products */;
			projectDirPath = "";
			projectRoot = "";
			targets = (
				1F2687C62948B3CF007AB73C /* advent-of-code-2022 */,
			);
		};
/* End PBXProject section */

/* Begin PBXResourcesBuildPhase section */
		1F2687C52948B3CF007AB73C /* Resources */ = {
			isa = PBXResourcesBuildPhase;
			buildActionMask = 2147483647;
			files = (
				1F2687D22948B3D1007AB73C /* Preview Assets.xcassets in Resources */,
				1F2687CF2948B3D1007AB73C /* Assets.xcassets in Resources */,
			);
			runOnlyForDeploymentPostprocessing = 0;
		};
/* End PBXResourcesBuildPhase section */

/* Begin PBXSourcesBuildPhase section */
		1F2687C32948B3CF007AB73C /* Sources */ = {
			isa = PBXSourcesBuildPhase;
			buildActionMask = 2147483647;
			files = (
				1FD539B82A1F621700662F9B /* Day10Part1View.swift in Sources */,
				1FD539B22A1F61F400662F9B /* Day8Part2View.swift in Sources */,
				1F15A77A2A20B746006C2F81 /* Day12Part2View.swift in Sources */,
				1FD539B62A1F620700662F9B /* Day9Part2View.swift in Sources */,
				1F15A76A2A20B688006C2F81 /* Day11Solver.swift in Sources */,
				1F15A76C2A20B6AC006C2F81 /* Day12Solver.swift in Sources */,
				1F15A7782A20B73A006C2F81 /* Day12Part1View.swift in Sources */,
				1F15A77C2A20B757006C2F81 /* Day13Part1View.swift in Sources */,
				1FA78F1E2A24ECEF005FF89F /* Day20Solver.swift in Sources */,
				1F15A7742A20B70D006C2F81 /* Day11Part1View.swift in Sources */,
				1F9E5FBD294A10BD00992F9B /* Day1Part1View.swift in Sources */,
				1F2687CD2948B3CF007AB73C /* ContentView.swift in Sources */,
				1FA78F202A24ED04005FF89F /* Day21Solver.swift in Sources */,
				1FD539A82A1F61BF00662F9B /* Day6Part1View.swift in Sources */,
				1FD539BA2A1F621E00662F9B /* Day10Part2View.swift in Sources */,
				1F15A7702A20B6D8006C2F81 /* Day14Solver.swift in Sources */,
				1F15A7762A20B719006C2F81 /* Day11Part2View.swift in Sources */,
				1FA78F162A24EC86005FF89F /* Day16Solver.swift in Sources */,
				1FD539A02A1F616B00662F9B /* Day4Solver.swift in Sources */,
				1F841F38294DC54400F5A9D3 /* Day2Solver.swift in Sources */,
				1F15A77E2A20B761006C2F81 /* Day13Part2View.swift in Sources */,
				1FA78F1C2A24ECDB005FF89F /* Day19Solver.swift in Sources */,
				1FD539C02A1F623F00662F9B /* Day8Solver.swift in Sources */,
				1FD539B02A1F61EB00662F9B /* Day8Part1View.swift in Sources */,
				1FD539AC2A1F61DA00662F9B /* Day7Part1View.swift in Sources */,
				1F841F36294DC53A00F5A9D3 /* Day2Part2View.swift in Sources */,
				1F15A7822A20B790006C2F81 /* Day14Part2View.swift in Sources */,
				1F15A7862A20B7AC006C2F81 /* Day15Part2View.swift in Sources */,
				1FD539AA2A1F61C700662F9B /* Day6Part2View.swift in Sources */,
				1F9E5FBB2948D99900992F9B /* SidebarView.swift in Sources */,
				1FA78F222A24ED13005FF89F /* Day22Solver.swift in Sources */,
				1F9E5FC1294A3CCB00992F9B /* Day1Part2View.swift in Sources */,
				1F841F34294DC52D00F5A9D3 /* Day2Part1View.swift in Sources */,
				1FD539BC2A1F622900662F9B /* Day10Solver.swift in Sources */,
				1FD539B42A1F61FF00662F9B /* Day9Part1View.swift in Sources */,
				1F1241B029AB8A730015298B /* Day3Solver.swift in Sources */,
				1FA78F1A2A24ECCA005FF89F /* Day18Solver.swift in Sources */,
				1FD539A22A1F619200662F9B /* Day5Solver.swift in Sources */,
				1F1241AE29AB8A650015298B /* Day3Part2View.swift in Sources */,
				1FD5399E2A1F615500662F9B /* Day4Part2View.swift in Sources */,
				1FA78F182A24ECB8005FF89F /* Day17Solver.swift in Sources */,
				1F15A76E2A20B6C1006C2F81 /* Day13Solver.swift in Sources */,
				1FA78F242A24ED23005FF89F /* Day23Solver.swift in Sources */,
				1FD539AE2A1F61E300662F9B /* Day7Part2View.swift in Sources */,
				1FD5399C2A1F614B00662F9B /* Day4Part1View.swift in Sources */,
				1F15A7722A20B6EC006C2F81 /* Day15Solver.swift in Sources */,
				1FD539A62A1F61AB00662F9B /* Day5Part2View.swift in Sources */,
				1FD539BE2A1F623100662F9B /* Day9Solver.swift in Sources */,
				1FD539C22A1F624900662F9B /* Day7Solver.swift in Sources */,
				1F9E5FBF294A1A2500992F9B /* Day1Solver.swift in Sources */,
				1FD539C42A1F625200662F9B /* Day6Solver.swift in Sources */,
				1F1241AC29AB8A5E0015298B /* Day3Part1View.swift in Sources */,
				1F15A7842A20B7A4006C2F81 /* Day15Part1View.swift in Sources */,
				1FD539A42A1F61A200662F9B /* Day5Part1View.swift in Sources */,
				1F15A7802A20B772006C2F81 /* Day14Part1View.swift in Sources */,
				1F2687CB2948B3CF007AB73C /* advent_of_code_2022App.swift in Sources */,
			);
			runOnlyForDeploymentPostprocessing = 0;
		};
/* End PBXSourcesBuildPhase section */

/* Begin XCBuildConfiguration section */
		1F2687D42948B3D1007AB73C /* Debug */ = {
			isa = XCBuildConfiguration;
			buildSettings = {
				ALWAYS_SEARCH_USER_PATHS = NO;
				CLANG_ANALYZER_NONNULL = YES;
				CLANG_ANALYZER_NUMBER_OBJECT_CONVERSION = YES_AGGRESSIVE;
				CLANG_CXX_LANGUAGE_STANDARD = "gnu++20";
				CLANG_ENABLE_MODULES = YES;
				CLANG_ENABLE_OBJC_ARC = YES;
				CLANG_ENABLE_OBJC_WEAK = YES;
				CLANG_WARN_BLOCK_CAPTURE_AUTORELEASING = YES;
				CLANG_WARN_BOOL_CONVERSION = YES;
				CLANG_WARN_COMMA = YES;
				CLANG_WARN_CONSTANT_CONVERSION = YES;
				CLANG_WARN_DEPRECATED_OBJC_IMPLEMENTATIONS = YES;
				CLANG_WARN_DIRECT_OBJC_ISA_USAGE = YES_ERROR;
				CLANG_WARN_DOCUMENTATION_COMMENTS = YES;
				CLANG_WARN_EMPTY_BODY = YES;
				CLANG_WARN_ENUM_CONVERSION = YES;
				CLANG_WARN_INFINITE_RECURSION = YES;
				CLANG_WARN_INT_CONVERSION = YES;
				CLANG_WARN_NON_LITERAL_NULL_CONVERSION = YES;
				CLANG_WARN_OBJC_IMPLICIT_RETAIN_SELF = YES;
				CLANG_WARN_OBJC_LITERAL_CONVERSION = YES;
				CLANG_WARN_OBJC_ROOT_CLASS = YES_ERROR;
				CLANG_WARN_QUOTED_INCLUDE_IN_FRAMEWORK_HEADER = YES;
				CLANG_WARN_RANGE_LOOP_ANALYSIS = YES;
				CLANG_WARN_STRICT_PROTOTYPES = YES;
				CLANG_WARN_SUSPICIOUS_MOVE = YES;
				CLANG_WARN_UNGUARDED_AVAILABILITY = YES_AGGRESSIVE;
				CLANG_WARN_UNREACHABLE_CODE = YES;
				CLANG_WARN__DUPLICATE_METHOD_MATCH = YES;
				COPY_PHASE_STRIP = NO;
				DEAD_CODE_STRIPPING = YES;
				DEBUG_INFORMATION_FORMAT = dwarf;
				ENABLE_STRICT_OBJC_MSGSEND = YES;
				ENABLE_TESTABILITY = YES;
				GCC_C_LANGUAGE_STANDARD = gnu11;
				GCC_DYNAMIC_NO_PIC = NO;
				GCC_NO_COMMON_BLOCKS = YES;
				GCC_OPTIMIZATION_LEVEL = 0;
				GCC_PREPROCESSOR_DEFINITIONS = (
					"DEBUG=1",
					"$(inherited)",
				);
				GCC_WARN_64_TO_32_BIT_CONVERSION = YES;
				GCC_WARN_ABOUT_RETURN_TYPE = YES_ERROR;
				GCC_WARN_UNDECLARED_SELECTOR = YES;
				GCC_WARN_UNINITIALIZED_AUTOS = YES_AGGRESSIVE;
				GCC_WARN_UNUSED_FUNCTION = YES;
				GCC_WARN_UNUSED_VARIABLE = YES;
				MACOSX_DEPLOYMENT_TARGET = 13.0;
				MTL_ENABLE_DEBUG_INFO = INCLUDE_SOURCE;
				MTL_FAST_MATH = YES;
				ONLY_ACTIVE_ARCH = YES;
				SDKROOT = macosx;
				SWIFT_ACTIVE_COMPILATION_CONDITIONS = DEBUG;
				SWIFT_OPTIMIZATION_LEVEL = "-Onone";
			};
			name = Debug;
		};
		1F2687D52948B3D1007AB73C /* Release */ = {
			isa = XCBuildConfiguration;
			buildSettings = {
				ALWAYS_SEARCH_USER_PATHS = NO;
				CLANG_ANALYZER_NONNULL = YES;
				CLANG_ANALYZER_NUMBER_OBJECT_CONVERSION = YES_AGGRESSIVE;
				CLANG_CXX_LANGUAGE_STANDARD = "gnu++20";
				CLANG_ENABLE_MODULES = YES;
				CLANG_ENABLE_OBJC_ARC = YES;
				CLANG_ENABLE_OBJC_WEAK = YES;
				CLANG_WARN_BLOCK_CAPTURE_AUTORELEASING = YES;
				CLANG_WARN_BOOL_CONVERSION = YES;
				CLANG_WARN_COMMA = YES;
				CLANG_WARN_CONSTANT_CONVERSION = YES;
				CLANG_WARN_DEPRECATED_OBJC_IMPLEMENTATIONS = YES;
				CLANG_WARN_DIRECT_OBJC_ISA_USAGE = YES_ERROR;
				CLANG_WARN_DOCUMENTATION_COMMENTS = YES;
				CLANG_WARN_EMPTY_BODY = YES;
				CLANG_WARN_ENUM_CONVERSION = YES;
				CLANG_WARN_INFINITE_RECURSION = YES;
				CLANG_WARN_INT_CONVERSION = YES;
				CLANG_WARN_NON_LITERAL_NULL_CONVERSION = YES;
				CLANG_WARN_OBJC_IMPLICIT_RETAIN_SELF = YES;
				CLANG_WARN_OBJC_LITERAL_CONVERSION = YES;
				CLANG_WARN_OBJC_ROOT_CLASS = YES_ERROR;
				CLANG_WARN_QUOTED_INCLUDE_IN_FRAMEWORK_HEADER = YES;
				CLANG_WARN_RANGE_LOOP_ANALYSIS = YES;
				CLANG_WARN_STRICT_PROTOTYPES = YES;
				CLANG_WARN_SUSPICIOUS_MOVE = YES;
				CLANG_WARN_UNGUARDED_AVAILABILITY = YES_AGGRESSIVE;
				CLANG_WARN_UNREACHABLE_CODE = YES;
				CLANG_WARN__DUPLICATE_METHOD_MATCH = YES;
				COPY_PHASE_STRIP = NO;
				DEAD_CODE_STRIPPING = YES;
				DEBUG_INFORMATION_FORMAT = "dwarf-with-dsym";
				ENABLE_NS_ASSERTIONS = NO;
				ENABLE_STRICT_OBJC_MSGSEND = YES;
				GCC_C_LANGUAGE_STANDARD = gnu11;
				GCC_NO_COMMON_BLOCKS = YES;
				GCC_WARN_64_TO_32_BIT_CONVERSION = YES;
				GCC_WARN_ABOUT_RETURN_TYPE = YES_ERROR;
				GCC_WARN_UNDECLARED_SELECTOR = YES;
				GCC_WARN_UNINITIALIZED_AUTOS = YES_AGGRESSIVE;
				GCC_WARN_UNUSED_FUNCTION = YES;
				GCC_WARN_UNUSED_VARIABLE = YES;
				MACOSX_DEPLOYMENT_TARGET = 13.0;
				MTL_ENABLE_DEBUG_INFO = NO;
				MTL_FAST_MATH = YES;
				SDKROOT = macosx;
				SWIFT_COMPILATION_MODE = wholemodule;
				SWIFT_OPTIMIZATION_LEVEL = "-O";
			};
			name = Release;
		};
		1F2687D72948B3D1007AB73C /* Debug */ = {
			isa = XCBuildConfiguration;
			buildSettings = {
				ASSETCATALOG_COMPILER_APPICON_NAME = AppIcon;
				ASSETCATALOG_COMPILER_GLOBAL_ACCENT_COLOR_NAME = AccentColor;
				CODE_SIGN_ENTITLEMENTS = "advent-of-code-2022/advent_of_code_2022.entitlements";
				CODE_SIGN_IDENTITY = "-";
				"CODE_SIGN_IDENTITY[sdk=macosx*]" = "-";
				CODE_SIGN_STYLE = Automatic;
				COMBINE_HIDPI_IMAGES = YES;
				CURRENT_PROJECT_VERSION = 1;
				DEAD_CODE_STRIPPING = YES;
				DEVELOPMENT_ASSET_PATHS = "\"advent-of-code-2022/Preview Content\"";
				DEVELOPMENT_TEAM = VGM5VS634S;
				ENABLE_HARDENED_RUNTIME = YES;
				ENABLE_PREVIEWS = YES;
				GENERATE_INFOPLIST_FILE = YES;
				INFOPLIST_KEY_CFBundleDisplayName = "Advent of Code Solver - 2022 Edition";
				INFOPLIST_KEY_NSHumanReadableCopyright = "";
				LD_RUNPATH_SEARCH_PATHS = (
					"$(inherited)",
					"@executable_path/../Frameworks",
				);
				MARKETING_VERSION = 1.0;
				PRODUCT_BUNDLE_IDENTIFIER = "me.mugenbatscha.advent-of-code-2022";
				PRODUCT_NAME = "$(TARGET_NAME)";
				SWIFT_EMIT_LOC_STRINGS = YES;
				SWIFT_VERSION = 5.0;
			};
			name = Debug;
		};
		1F2687D82948B3D1007AB73C /* Release */ = {
			isa = XCBuildConfiguration;
			buildSettings = {
				ASSETCATALOG_COMPILER_APPICON_NAME = AppIcon;
				ASSETCATALOG_COMPILER_GLOBAL_ACCENT_COLOR_NAME = AccentColor;
				CODE_SIGN_ENTITLEMENTS = "advent-of-code-2022/advent_of_code_2022.entitlements";
				CODE_SIGN_IDENTITY = "-";
				"CODE_SIGN_IDENTITY[sdk=macosx*]" = "-";
				CODE_SIGN_STYLE = Automatic;
				COMBINE_HIDPI_IMAGES = YES;
				CURRENT_PROJECT_VERSION = 1;
				DEAD_CODE_STRIPPING = YES;
				DEVELOPMENT_ASSET_PATHS = "\"advent-of-code-2022/Preview Content\"";
				DEVELOPMENT_TEAM = VGM5VS634S;
				ENABLE_HARDENED_RUNTIME = YES;
				ENABLE_PREVIEWS = YES;
				GENERATE_INFOPLIST_FILE = YES;
				INFOPLIST_KEY_CFBundleDisplayName = "Advent of Code Solver - 2022 Edition";
				INFOPLIST_KEY_NSHumanReadableCopyright = "";
				LD_RUNPATH_SEARCH_PATHS = (
					"$(inherited)",
					"@executable_path/../Frameworks",
				);
				MARKETING_VERSION = 1.0;
				PRODUCT_BUNDLE_IDENTIFIER = "me.mugenbatscha.advent-of-code-2022";
				PRODUCT_NAME = "$(TARGET_NAME)";
				SWIFT_EMIT_LOC_STRINGS = YES;
				SWIFT_VERSION = 5.0;
			};
			name = Release;
		};
/* End XCBuildConfiguration section */

/* Begin XCConfigurationList section */
		1F2687C22948B3CF007AB73C /* Build configuration list for PBXProject "advent-of-code-2022" */ = {
			isa = XCConfigurationList;
			buildConfigurations = (
				1F2687D42948B3D1007AB73C /* Debug */,
				1F2687D52948B3D1007AB73C /* Release */,
			);
			defaultConfigurationIsVisible = 0;
			defaultConfigurationName = Release;
		};
		1F2687D62948B3D1007AB73C /* Build configuration list for PBXNativeTarget "advent-of-code-2022" */ = {
			isa = XCConfigurationList;
			buildConfigurations = (
				1F2687D72948B3D1007AB73C /* Debug */,
				1F2687D82948B3D1007AB73C /* Release */,
			);
			defaultConfigurationIsVisible = 0;
			defaultConfigurationName = Release;
		};
/* End XCConfigurationList section */
	};
	rootObject = 1F2687BF2948B3CF007AB73C /* Project object */;
}
